// !$*UTF8*$!
{
	archiveVersion = 1;
	classes = {
	};
	objectVersion = 50;
	objects = {

/* Begin PBXBuildFile section */
		1CACA1BD24459CFC000B0DFD /* murmur.cpp in Sources */ = {isa = PBXBuildFile; fileRef = 1CACA1BC24459CFC000B0DFD /* murmur.cpp */; };
		1CACA1BF24459D3A000B0DFD /* hashtable.cpp in Sources */ = {isa = PBXBuildFile; fileRef = 1CACA1BE24459D3A000B0DFD /* hashtable.cpp */; };
		1CACA1CD2445D9B5000B0DFD /* murmur.s in Sources */ = {isa = PBXBuildFile; fileRef = 1CACA1CC2445D9B5000B0DFD /* murmur.s */; };
		1CE4E5B12443576100CE98D5 /* main.cpp in Sources */ = {isa = PBXBuildFile; fileRef = 1CE4E5B02443576100CE98D5 /* main.cpp */; };
		1CE4E5B82443579F00CE98D5 /* hashtable.h in Sources */ = {isa = PBXBuildFile; fileRef = 1CE4E5B72443579F00CE98D5 /* hashtable.h */; };
/* End PBXBuildFile section */

/* Begin PBXCopyFilesBuildPhase section */
		1CE4E5AB2443576100CE98D5 /* CopyFiles */ = {
			isa = PBXCopyFilesBuildPhase;
			buildActionMask = 2147483647;
			dstPath = /usr/share/man/man1/;
			dstSubfolderSpec = 0;
			files = (
			);
			runOnlyForDeploymentPostprocessing = 1;
		};
/* End PBXCopyFilesBuildPhase section */

/* Begin PBXFileReference section */
		1CACA1BC24459CFC000B0DFD /* murmur.cpp */ = {isa = PBXFileReference; lastKnownFileType = sourcecode.cpp.cpp; path = murmur.cpp; sourceTree = "<group>"; };
		1CACA1BE24459D3A000B0DFD /* hashtable.cpp */ = {isa = PBXFileReference; lastKnownFileType = sourcecode.cpp.cpp; path = hashtable.cpp; sourceTree = "<group>"; };
		1CACA1CC2445D9B5000B0DFD /* murmur.s */ = {isa = PBXFileReference; lastKnownFileType = sourcecode.asm; path = murmur.s; sourceTree = SOURCE_ROOT; };
		1CE4E5AD2443576100CE98D5 /* hashtable */ = {isa = PBXFileReference; explicitFileType = "compiled.mach-o.executable"; includeInIndex = 0; path = hashtable; sourceTree = BUILT_PRODUCTS_DIR; };
		1CE4E5B02443576100CE98D5 /* main.cpp */ = {isa = PBXFileReference; lastKnownFileType = sourcecode.cpp.cpp; path = main.cpp; sourceTree = "<group>"; };
		1CE4E5B72443579F00CE98D5 /* hashtable.h */ = {isa = PBXFileReference; lastKnownFileType = sourcecode.c.h; path = hashtable.h; sourceTree = "<group>"; };
		1CE4E5BC2443792100CE98D5 /* list.h */ = {isa = PBXFileReference; fileEncoding = 4; lastKnownFileType = sourcecode.c.h; path = list.h; sourceTree = "<group>"; };
		1CE4E5BD24437A3C00CE98D5 /* words.txt */ = {isa = PBXFileReference; lastKnownFileType = text; path = words.txt; sourceTree = "<group>"; };
/* End PBXFileReference section */

/* Begin PBXFrameworksBuildPhase section */
		1CE4E5AA2443576100CE98D5 /* Frameworks */ = {
			isa = PBXFrameworksBuildPhase;
			buildActionMask = 2147483647;
			files = (
			);
			runOnlyForDeploymentPostprocessing = 0;
		};
/* End PBXFrameworksBuildPhase section */

/* Begin PBXGroup section */
		1CE4E5A42443576100CE98D5 = {
			isa = PBXGroup;
			children = (
				1CE4E5AF2443576100CE98D5 /* hashtable */,
				1CE4E5AE2443576100CE98D5 /* Products */,
			);
			sourceTree = "<group>";
		};
		1CE4E5AE2443576100CE98D5 /* Products */ = {
			isa = PBXGroup;
			children = (
				1CE4E5AD2443576100CE98D5 /* hashtable */,
			);
			name = Products;
			sourceTree = "<group>";
		};
		1CE4E5AF2443576100CE98D5 /* hashtable */ = {
			isa = PBXGroup;
			children = (
				1CE4E5BF24437A7700CE98D5 /* src */,
				1CE4E5BE24437A5B00CE98D5 /* data */,
			);
			path = hashtable;
			sourceTree = "<group>";
		};
		1CE4E5BE24437A5B00CE98D5 /* data */ = {
			isa = PBXGroup;
			children = (
				1CE4E5BD24437A3C00CE98D5 /* words.txt */,
			);
			path = data;
			sourceTree = "<group>";
		};
		1CE4E5BF24437A7700CE98D5 /* src */ = {
			isa = PBXGroup;
			children = (
				1CE4E5BC2443792100CE98D5 /* list.h */,
				1CE4E5B72443579F00CE98D5 /* hashtable.h */,
				1CACA1BE24459D3A000B0DFD /* hashtable.cpp */,
				1CACA1BC24459CFC000B0DFD /* murmur.cpp */,
				1CACA1CC2445D9B5000B0DFD /* murmur.s */,
				1CE4E5B02443576100CE98D5 /* main.cpp */,
			);
			path = src;
			sourceTree = "<group>";
		};
/* End PBXGroup section */

/* Begin PBXNativeTarget section */
		1CE4E5AC2443576100CE98D5 /* hashtable */ = {
			isa = PBXNativeTarget;
			buildConfigurationList = 1CE4E5B42443576100CE98D5 /* Build configuration list for PBXNativeTarget "hashtable" */;
			buildPhases = (
				1CE4E5A92443576100CE98D5 /* Sources */,
				1CE4E5AA2443576100CE98D5 /* Frameworks */,
				1CE4E5AB2443576100CE98D5 /* CopyFiles */,
			);
			buildRules = (
			);
			dependencies = (
			);
			name = hashtable;
			productName = hashtable;
			productReference = 1CE4E5AD2443576100CE98D5 /* hashtable */;
			productType = "com.apple.product-type.tool";
		};
/* End PBXNativeTarget section */

/* Begin PBXProject section */
		1CE4E5A52443576100CE98D5 /* Project object */ = {
			isa = PBXProject;
			attributes = {
				LastUpgradeCheck = 1020;
				ORGANIZATIONNAME = "Alexey Kudrinsky";
				TargetAttributes = {
					1CE4E5AC2443576100CE98D5 = {
						CreatedOnToolsVersion = 10.2.1;
					};
				};
			};
			buildConfigurationList = 1CE4E5A82443576100CE98D5 /* Build configuration list for PBXProject "hashtable" */;
			compatibilityVersion = "Xcode 9.3";
			developmentRegion = en;
			hasScannedForEncodings = 0;
			knownRegions = (
				en,
			);
			mainGroup = 1CE4E5A42443576100CE98D5;
			productRefGroup = 1CE4E5AE2443576100CE98D5 /* Products */;
			projectDirPath = "";
			projectRoot = "";
			targets = (
				1CE4E5AC2443576100CE98D5 /* hashtable */,
			);
		};
/* End PBXProject section */

/* Begin PBXSourcesBuildPhase section */
		1CE4E5A92443576100CE98D5 /* Sources */ = {
			isa = PBXSourcesBuildPhase;
			buildActionMask = 2147483647;
			files = (
				1CE4E5B82443579F00CE98D5 /* hashtable.h in Sources */,
				1CACA1CD2445D9B5000B0DFD /* murmur.s in Sources */,
				1CE4E5B12443576100CE98D5 /* main.cpp in Sources */,
				1CACA1BF24459D3A000B0DFD /* hashtable.cpp in Sources */,
				1CACA1BD24459CFC000B0DFD /* murmur.cpp in Sources */,
			);
			runOnlyForDeploymentPostprocessing = 0;
		};
/* End PBXSourcesBuildPhase section */

/* Begin XCBuildConfiguration section */
		1CE4E5B22443576100CE98D5 /* Debug */ = {
			isa = XCBuildConfiguration;
			buildSettings = {
				ALWAYS_SEARCH_USER_PATHS = NO;
				CLANG_ANALYZER_NONNULL = YES;
				CLANG_ANALYZER_NUMBER_OBJECT_CONVERSION = YES_AGGRESSIVE;
				CLANG_CXX_LANGUAGE_STANDARD = "gnu++14";
				CLANG_CXX_LIBRARY = "libc++";
				CLANG_ENABLE_MODULES = YES;
				CLANG_ENABLE_OBJC_ARC = YES;
				CLANG_ENABLE_OBJC_WEAK = YES;
				CLANG_WARN_BLOCK_CAPTURE_AUTORELEASING = YES;
				CLANG_WARN_BOOL_CONVERSION = YES;
				CLANG_WARN_COMMA = YES;
				CLANG_WARN_CONSTANT_CONVERSION = YES;
				CLANG_WARN_DEPRECATED_OBJC_IMPLEMENTATIONS = YES;
				CLANG_WARN_DIRECT_OBJC_ISA_USAGE = YES_ERROR;
				CLANG_WARN_DOCUMENTATION_COMMENTS = YES;
				CLANG_WARN_EMPTY_BODY = YES;
				CLANG_WARN_ENUM_CONVERSION = YES;
				CLANG_WARN_INFINITE_RECURSION = YES;
				CLANG_WARN_INT_CONVERSION = YES;
				CLANG_WARN_NON_LITERAL_NULL_CONVERSION = YES;
				CLANG_WARN_OBJC_IMPLICIT_RETAIN_SELF = YES;
				CLANG_WARN_OBJC_LITERAL_CONVERSION = YES;
				CLANG_WARN_OBJC_ROOT_CLASS = YES_ERROR;
				CLANG_WARN_RANGE_LOOP_ANALYSIS = YES;
				CLANG_WARN_STRICT_PROTOTYPES = YES;
				CLANG_WARN_SUSPICIOUS_MOVE = YES;
				CLANG_WARN_UNGUARDED_AVAILABILITY = YES_AGGRESSIVE;
				CLANG_WARN_UNREACHABLE_CODE = YES;
				CLANG_WARN__DUPLICATE_METHOD_MATCH = YES;
				CODE_SIGN_IDENTITY = "-";
				COPY_PHASE_STRIP = NO;
				DEBUG_INFORMATION_FORMAT = dwarf;
				ENABLE_STRICT_OBJC_MSGSEND = YES;
				ENABLE_TESTABILITY = YES;
				GCC_C_LANGUAGE_STANDARD = gnu11;
				GCC_DYNAMIC_NO_PIC = NO;
				GCC_NO_COMMON_BLOCKS = YES;
				GCC_OPTIMIZATION_LEVEL = 0;
				GCC_PREPROCESSOR_DEFINITIONS = (
					"DEBUG=1",
					"$(inherited)",
				);
				GCC_WARN_64_TO_32_BIT_CONVERSION = YES;
				GCC_WARN_ABOUT_RETURN_TYPE = YES_ERROR;
				GCC_WARN_UNDECLARED_SELECTOR = YES;
				GCC_WARN_UNINITIALIZED_AUTOS = YES_AGGRESSIVE;
				GCC_WARN_UNUSED_FUNCTION = YES;
				GCC_WARN_UNUSED_VARIABLE = YES;
				MACOSX_DEPLOYMENT_TARGET = 10.13;
				MTL_ENABLE_DEBUG_INFO = INCLUDE_SOURCE;
				MTL_FAST_MATH = YES;
				ONLY_ACTIVE_ARCH = YES;
				SDKROOT = macosx;
			};
			name = Debug;
		};
		1CE4E5B32443576100CE98D5 /* Release */ = {
			isa = XCBuildConfiguration;
			buildSettings = {
				ALWAYS_SEARCH_USER_PATHS = NO;
				CLANG_ANALYZER_NONNULL = YES;
				CLANG_ANALYZER_NUMBER_OBJECT_CONVERSION = YES_AGGRESSIVE;
				CLANG_CXX_LANGUAGE_STANDARD = "gnu++14";
				CLANG_CXX_LIBRARY = "libc++";
				CLANG_ENABLE_MODULES = YES;
				CLANG_ENABLE_OBJC_ARC = YES;
				CLANG_ENABLE_OBJC_WEAK = YES;
				CLANG_WARN_BLOCK_CAPTURE_AUTORELEASING = YES;
				CLANG_WARN_BOOL_CONVERSION = YES;
				CLANG_WARN_COMMA = YES;
				CLANG_WARN_CONSTANT_CONVERSION = YES;
				CLANG_WARN_DEPRECATED_OBJC_IMPLEMENTATIONS = YES;
				CLANG_WARN_DIRECT_OBJC_ISA_USAGE = YES_ERROR;
				CLANG_WARN_DOCUMENTATION_COMMENTS = YES;
				CLANG_WARN_EMPTY_BODY = YES;
				CLANG_WARN_ENUM_CONVERSION = YES;
				CLANG_WARN_INFINITE_RECURSION = YES;
				CLANG_WARN_INT_CONVERSION = YES;
				CLANG_WARN_NON_LITERAL_NULL_CONVERSION = YES;
				CLANG_WARN_OBJC_IMPLICIT_RETAIN_SELF = YES;
				CLANG_WARN_OBJC_LITERAL_CONVERSION = YES;
				CLANG_WARN_OBJC_ROOT_CLASS = YES_ERROR;
				CLANG_WARN_RANGE_LOOP_ANALYSIS = YES;
				CLANG_WARN_STRICT_PROTOTYPES = YES;
				CLANG_WARN_SUSPICIOUS_MOVE = YES;
				CLANG_WARN_UNGUARDED_AVAILABILITY = YES_AGGRESSIVE;
				CLANG_WARN_UNREACHABLE_CODE = YES;
				CLANG_WARN__DUPLICATE_METHOD_MATCH = YES;
				CODE_SIGN_IDENTITY = "-";
				COPY_PHASE_STRIP = NO;
				DEBUG_INFORMATION_FORMAT = "dwarf-with-dsym";
				ENABLE_NS_ASSERTIONS = NO;
				ENABLE_STRICT_OBJC_MSGSEND = YES;
				GCC_C_LANGUAGE_STANDARD = gnu11;
				GCC_NO_COMMON_BLOCKS = YES;
				GCC_WARN_64_TO_32_BIT_CONVERSION = YES;
				GCC_WARN_ABOUT_RETURN_TYPE = YES_ERROR;
				GCC_WARN_UNDECLARED_SELECTOR = YES;
				GCC_WARN_UNINITIALIZED_AUTOS = YES_AGGRESSIVE;
				GCC_WARN_UNUSED_FUNCTION = YES;
				GCC_WARN_UNUSED_VARIABLE = YES;
				MACOSX_DEPLOYMENT_TARGET = 10.13;
				MTL_ENABLE_DEBUG_INFO = NO;
				MTL_FAST_MATH = YES;
				SDKROOT = macosx;
			};
			name = Release;
		};
		1CE4E5B52443576100CE98D5 /* Debug */ = {
			isa = XCBuildConfiguration;
			buildSettings = {
				CODE_SIGN_STYLE = Automatic;
				OTHER_LDFLAGS = "";
				PRODUCT_NAME = "$(TARGET_NAME)";
			};
			name = Debug;
		};
		1CE4E5B62443576100CE98D5 /* Release */ = {
			isa = XCBuildConfiguration;
			buildSettings = {
				CODE_SIGN_STYLE = Automatic;
				OTHER_LDFLAGS = "";
				PRODUCT_NAME = "$(TARGET_NAME)";
			};
			name = Release;
		};
/* End XCBuildConfiguration section */

/* Begin XCConfigurationList section */
		1CE4E5A82443576100CE98D5 /* Build configuration list for PBXProject "hashtable" */ = {
			isa = XCConfigurationList;
			buildConfigurations = (
				1CE4E5B22443576100CE98D5 /* Debug */,
				1CE4E5B32443576100CE98D5 /* Release */,
			);
			defaultConfigurationIsVisible = 0;
			defaultConfigurationName = Release;
		};
		1CE4E5B42443576100CE98D5 /* Build configuration list for PBXNativeTarget "hashtable" */ = {
			isa = XCConfigurationList;
			buildConfigurations = (
				1CE4E5B52443576100CE98D5 /* Debug */,
				1CE4E5B62443576100CE98D5 /* Release */,
			);
			defaultConfigurationIsVisible = 0;
			defaultConfigurationName = Release;
		};
/* End XCConfigurationList section */
	};
	rootObject = 1CE4E5A52443576100CE98D5 /* Project object */;
}
